
Microsoft Visual Studio Solution File, Format Version 12.00
# Visual Studio Version 17
VisualStudioVersion = 17.10.34916.146
MinimumVisualStudioVersion = 10.0.40219.1
Project("{FAE04EC0-301F-11D3-BF4B-00C04F79EFBC}") = "ValidationApp", "ValidationApp\ValidationApp.csproj", "{FBF223A3-F347-4799-90E7-CB2BB7B18D1C}"
EndProject
Global
	GlobalSection(SolutionConfigurationPlatforms) = preSolution
		Debug|Any CPU = Debug|Any CPU
		Release|Any CPU = Release|Any CPU
	EndGlobalSection
	GlobalSection(ProjectConfigurationPlatforms) = postSolution
		{FBF223A3-F347-4799-90E7-CB2BB7B18D1C}.Debug|Any CPU.ActiveCfg = Debug|Any CPU
		{FBF223A3-F347-4799-90E7-CB2BB7B18D1C}.Debug|Any CPU.Build.0 = Debug|Any CPU
		{FBF223A3-F347-4799-90E7-CB2BB7B18D1C}.Release|Any CPU.ActiveCfg = Release|Any CPU
		{FBF223A3-F347-4799-90E7-CB2BB7B18D1C}.Release|Any CPU.Build.0 = Release|Any CPU
	EndGlobalSection
	GlobalSection(SolutionProperties) = preSolution
		HideSolutionNode = FALSE
	EndGlobalSection
	GlobalSection(ExtensibilityGlobals) = postSolution
		SolutionGuid = {A595643B-EAA6-462C-B630-94388773153F}
	EndGlobalSection
EndGlobal
